
Microsoft Visual Studio Solution File, Format Version 12.00
# Visual Studio Version 17
VisualStudioVersion = 17.1.32421.90
MinimumVisualStudioVersion = 10.0.40219.1
Project("{FAE04EC0-301F-11D3-BF4B-00C04F79EFBC}") = "six", "six\six.csproj", "{FD0A6393-7850-46C0-A45B-E914EB999A55}"
EndProject
Global
	GlobalSection(SolutionConfigurationPlatforms) = preSolution
		Debug|Any CPU = Debug|Any CPU
		Release|Any CPU = Release|Any CPU
	EndGlobalSection
	GlobalSection(ProjectConfigurationPlatforms) = postSolution
		{FD0A6393-7850-46C0-A45B-E914EB999A55}.Debug|Any CPU.ActiveCfg = Debug|Any CPU
		{FD0A6393-7850-46C0-A45B-E914EB999A55}.Debug|Any CPU.Build.0 = Debug|Any CPU
		{FD0A6393-7850-46C0-A45B-E914EB999A55}.Release|Any CPU.ActiveCfg = Release|Any CPU
		{FD0A6393-7850-46C0-A45B-E914EB999A55}.Release|Any CPU.Build.0 = Release|Any CPU
	EndGlobalSection
	GlobalSection(SolutionProperties) = preSolution
		HideSolutionNode = FALSE
	EndGlobalSection
	GlobalSection(ExtensibilityGlobals) = postSolution
		SolutionGuid = {A2C3E10E-3DD7-4B7F-83FC-725808BE0744}
	EndGlobalSection
EndGlobal
